
Microsoft Visual Studio Solution File, Format Version 12.00
# Visual Studio Version 16
VisualStudioVersion = 16.0.29613.14
MinimumVisualStudioVersion = 10.0.40219.1
Project("{FAE04EC0-301F-11D3-BF4B-00C04F79EFBC}") = "FindMaximumProblemGeneric", "FindMaximumProblemGeneric\FindMaximumProblemGeneric.csproj", "{754EE606-D88F-417A-AF8B-FC11F6CFCFEA}"
EndProject
Global
	GlobalSection(SolutionConfigurationPlatforms) = preSolution
		Debug|Any CPU = Debug|Any CPU
		Release|Any CPU = Release|Any CPU
	EndGlobalSection
	GlobalSection(ProjectConfigurationPlatforms) = postSolution
		{754EE606-D88F-417A-AF8B-FC11F6CFCFEA}.Debug|Any CPU.ActiveCfg = Debug|Any CPU
		{754EE606-D88F-417A-AF8B-FC11F6CFCFEA}.Debug|Any CPU.Build.0 = Debug|Any CPU
		{754EE606-D88F-417A-AF8B-FC11F6CFCFEA}.Release|Any CPU.ActiveCfg = Release|Any CPU
		{754EE606-D88F-417A-AF8B-FC11F6CFCFEA}.Release|Any CPU.Build.0 = Release|Any CPU
	EndGlobalSection
	GlobalSection(SolutionProperties) = preSolution
		HideSolutionNode = FALSE
	EndGlobalSection
	GlobalSection(ExtensibilityGlobals) = postSolution
		SolutionGuid = {02ADE5C2-B8A9-489D-8367-2F496071C8F3}
	EndGlobalSection
EndGlobal
